
Microsoft Visual Studio Solution File, Format Version 12.00
# Visual Studio 15
VisualStudioVersion = 15.0.27703.2026
MinimumVisualStudioVersion = 10.0.40219.1
Project("{9A19103F-16F7-4668-BE54-9A1E7A4F7556}") = "MindConnect", "MindConnectAPI\MindConnect.csproj", "{E38F4291-1D7B-4536-93EB-15167EA4BF40}"
EndProject
Project("{9A19103F-16F7-4668-BE54-9A1E7A4F7556}") = "HttpClient", "HttpClient\HttpClient.csproj", "{D28EAC8E-F883-4A32-9EB9-9E917224CA69}"
EndProject
Project("{9A19103F-16F7-4668-BE54-9A1E7A4F7556}") = "ConsoleClient", "ConsoleClient\ConsoleClient.csproj", "{E3D88529-0562-4F41-BDE1-6D14510B75EE}"
EndProject
Global
	GlobalSection(SolutionConfigurationPlatforms) = preSolution
		Debug|Any CPU = Debug|Any CPU
		Release|Any CPU = Release|Any CPU
	EndGlobalSection
	GlobalSection(ProjectConfigurationPlatforms) = postSolution
		{E38F4291-1D7B-4536-93EB-15167EA4BF40}.Debug|Any CPU.ActiveCfg = Debug|Any CPU
		{E38F4291-1D7B-4536-93EB-15167EA4BF40}.Debug|Any CPU.Build.0 = Debug|Any CPU
		{E38F4291-1D7B-4536-93EB-15167EA4BF40}.Release|Any CPU.ActiveCfg = Release|Any CPU
		{E38F4291-1D7B-4536-93EB-15167EA4BF40}.Release|Any CPU.Build.0 = Release|Any CPU
		{D28EAC8E-F883-4A32-9EB9-9E917224CA69}.Debug|Any CPU.ActiveCfg = Debug|Any CPU
		{D28EAC8E-F883-4A32-9EB9-9E917224CA69}.Debug|Any CPU.Build.0 = Debug|Any CPU
		{D28EAC8E-F883-4A32-9EB9-9E917224CA69}.Release|Any CPU.ActiveCfg = Release|Any CPU
		{D28EAC8E-F883-4A32-9EB9-9E917224CA69}.Release|Any CPU.Build.0 = Release|Any CPU
		{E3D88529-0562-4F41-BDE1-6D14510B75EE}.Debug|Any CPU.ActiveCfg = Debug|Any CPU
		{E3D88529-0562-4F41-BDE1-6D14510B75EE}.Debug|Any CPU.Build.0 = Debug|Any CPU
		{E3D88529-0562-4F41-BDE1-6D14510B75EE}.Release|Any CPU.ActiveCfg = Release|Any CPU
		{E3D88529-0562-4F41-BDE1-6D14510B75EE}.Release|Any CPU.Build.0 = Release|Any CPU
	EndGlobalSection
	GlobalSection(SolutionProperties) = preSolution
		HideSolutionNode = FALSE
	EndGlobalSection
	GlobalSection(ExtensibilityGlobals) = postSolution
		SolutionGuid = {91C83C12-E951-48B9-B7FD-5C748E67F147}
	EndGlobalSection
EndGlobal
